// !$*UTF8*$!
{
	archiveVersion = 1;
	classes = {
	};
	objectVersion = 48;
	objects = {

/* Begin PBXBuildFile section */
		49E478641FBD09BD00F4A608 /* InfoPlist.strings in Resources */ = {isa = PBXBuildFile; fileRef = 49E478621FBD09BD00F4A608 /* InfoPlist.strings */; };
		DDE5408E1F7B577A00B219A7 /* AppDelegate.swift in Sources */ = {isa = PBXBuildFile; fileRef = DDE5408D1F7B577A00B219A7 /* AppDelegate.swift */; };
		DDE540901F7B577A00B219A7 /* ViewController.swift in Sources */ = {isa = PBXBuildFile; fileRef = DDE5408F1F7B577A00B219A7 /* ViewController.swift */; };
		DDE540931F7B577A00B219A7 /* Main.storyboard in Resources */ = {isa = PBXBuildFile; fileRef = DDE540911F7B577A00B219A7 /* Main.storyboard */; };
		DDE540951F7B577A00B219A7 /* Assets.xcassets in Resources */ = {isa = PBXBuildFile; fileRef = DDE540941F7B577A00B219A7 /* Assets.xcassets */; };
		DDE540981F7B577A00B219A7 /* LaunchScreen.storyboard in Resources */ = {isa = PBXBuildFile; fileRef = DDE540961F7B577A00B219A7 /* LaunchScreen.storyboard */; };
		DDE540A01F7B5EEB00B219A7 /* Row.swift in Sources */ = {isa = PBXBuildFile; fileRef = DDE5409F1F7B5EEB00B219A7 /* Row.swift */; };
		DDF6D9561F8745CF0064ABB8 /* Localizable.strings in Resources */ = {isa = PBXBuildFile; fileRef = DDF6D9541F8745CE0064ABB8 /* Localizable.strings */; };
/* End PBXBuildFile section */

/* Begin PBXFileReference section */
		49E4785F1FBD06AB00F4A608 /* es */ = {isa = PBXFileReference; lastKnownFileType = text.plist.strings; name = es; path = es.lproj/Main.strings; sourceTree = "<group>"; };
		49E478601FBD06AB00F4A608 /* es */ = {isa = PBXFileReference; lastKnownFileType = text.plist.strings; name = es; path = es.lproj/LaunchScreen.strings; sourceTree = "<group>"; };
		49E478611FBD06AB00F4A608 /* es */ = {isa = PBXFileReference; lastKnownFileType = text.plist.strings; name = es; path = es.lproj/Localizable.strings; sourceTree = "<group>"; };
		49E478631FBD09BD00F4A608 /* es */ = {isa = PBXFileReference; lastKnownFileType = text.plist.strings; name = es; path = es.lproj/InfoPlist.strings; sourceTree = "<group>"; };
		DD9BDD8E1F87447D00985324 /* en */ = {isa = PBXFileReference; lastKnownFileType = text.plist.strings; name = en; path = en.lproj/Main.strings; sourceTree = "<group>"; };
		DDE5408A1F7B577A00B219A7 /* MyFriend.app */ = {isa = PBXFileReference; explicitFileType = wrapper.application; includeInIndex = 0; path = MyFriend.app; sourceTree = BUILT_PRODUCTS_DIR; };
		DDE5408D1F7B577A00B219A7 /* AppDelegate.swift */ = {isa = PBXFileReference; lastKnownFileType = sourcecode.swift; path = AppDelegate.swift; sourceTree = "<group>"; };
		DDE5408F1F7B577A00B219A7 /* ViewController.swift */ = {isa = PBXFileReference; lastKnownFileType = sourcecode.swift; path = ViewController.swift; sourceTree = "<group>"; };
		DDE540921F7B577A00B219A7 /* Base */ = {isa = PBXFileReference; lastKnownFileType = file.storyboard; name = Base; path = Base.lproj/Main.storyboard; sourceTree = "<group>"; };
		DDE540941F7B577A00B219A7 /* Assets.xcassets */ = {isa = PBXFileReference; lastKnownFileType = folder.assetcatalog; path = Assets.xcassets; sourceTree = "<group>"; };
		DDE540971F7B577A00B219A7 /* Base */ = {isa = PBXFileReference; lastKnownFileType = file.storyboard; name = Base; path = Base.lproj/LaunchScreen.storyboard; sourceTree = "<group>"; };
		DDE540991F7B577A00B219A7 /* Info.plist */ = {isa = PBXFileReference; lastKnownFileType = text.plist.xml; path = Info.plist; sourceTree = "<group>"; };
		DDE5409F1F7B5EEB00B219A7 /* Row.swift */ = {isa = PBXFileReference; lastKnownFileType = sourcecode.swift; path = Row.swift; sourceTree = "<group>"; };
		DDF6D9551F8745CE0064ABB8 /* en */ = {isa = PBXFileReference; lastKnownFileType = text.plist.strings; name = en; path = en.lproj/Localizable.strings; sourceTree = "<group>"; };
		DDF6D9571F8745D60064ABB8 /* Base */ = {isa = PBXFileReference; lastKnownFileType = text.plist.strings; name = Base; path = Base.lproj/Localizable.strings; sourceTree = "<group>"; };
/* End PBXFileReference section */

/* Begin PBXFrameworksBuildPhase section */
		DDE540871F7B577A00B219A7 /* Frameworks */ = {
			isa = PBXFrameworksBuildPhase;
			buildActionMask = 2147483647;
			files = (
			);
			runOnlyForDeploymentPostprocessing = 0;
		};
/* End PBXFrameworksBuildPhase section */

/* Begin PBXGroup section */
		DDE540811F7B577A00B219A7 = {
			isa = PBXGroup;
			children = (
				DDE5408C1F7B577A00B219A7 /* MyFriend */,
				DDE5408B1F7B577A00B219A7 /* Products */,
			);
			sourceTree = "<group>";
		};
		DDE5408B1F7B577A00B219A7 /* Products */ = {
			isa = PBXGroup;
			children = (
				DDE5408A1F7B577A00B219A7 /* MyFriend.app */,
			);
			name = Products;
			sourceTree = "<group>";
		};
		DDE5408C1F7B577A00B219A7 /* MyFriend */ = {
			isa = PBXGroup;
			children = (
				DDF6D9541F8745CE0064ABB8 /* Localizable.strings */,
				DDE5408D1F7B577A00B219A7 /* AppDelegate.swift */,
				DDE5408F1F7B577A00B219A7 /* ViewController.swift */,
				DDE540911F7B577A00B219A7 /* Main.storyboard */,
				DDE540941F7B577A00B219A7 /* Assets.xcassets */,
				DDE540961F7B577A00B219A7 /* LaunchScreen.storyboard */,
				DDE540991F7B577A00B219A7 /* Info.plist */,
				DDE5409F1F7B5EEB00B219A7 /* Row.swift */,
				49E478621FBD09BD00F4A608 /* InfoPlist.strings */,
			);
			path = MyFriend;
			sourceTree = "<group>";
		};
/* End PBXGroup section */

/* Begin PBXNativeTarget section */
		DDE540891F7B577A00B219A7 /* MyFriend */ = {
			isa = PBXNativeTarget;
			buildConfigurationList = DDE5409C1F7B577A00B219A7 /* Build configuration list for PBXNativeTarget "MyFriend" */;
			buildPhases = (
				DDE540861F7B577A00B219A7 /* Sources */,
				DDE540871F7B577A00B219A7 /* Frameworks */,
				DDE540881F7B577A00B219A7 /* Resources */,
			);
			buildRules = (
			);
			dependencies = (
			);
			name = MyFriend;
			productName = MyFriend;
			productReference = DDE5408A1F7B577A00B219A7 /* MyFriend.app */;
			productType = "com.apple.product-type.application";
		};
/* End PBXNativeTarget section */

/* Begin PBXProject section */
		DDE540821F7B577A00B219A7 /* Project object */ = {
			isa = PBXProject;
			attributes = {
				LastSwiftUpdateCheck = 0900;
				LastUpgradeCheck = 0900;
				ORGANIZATIONNAME = Razeware;
				TargetAttributes = {
					DDE540891F7B577A00B219A7 = {
						CreatedOnToolsVersion = 9.0;
						ProvisioningStyle = Automatic;
					};
				};
			};
			buildConfigurationList = DDE540851F7B577A00B219A7 /* Build configuration list for PBXProject "MyFriend" */;
			compatibilityVersion = "Xcode 8.0";
			developmentRegion = en;
			hasScannedForEncodings = 0;
			knownRegions = (
				en,
				Base,
				es,
			);
			mainGroup = DDE540811F7B577A00B219A7;
			productRefGroup = DDE5408B1F7B577A00B219A7 /* Products */;
			projectDirPath = "";
			projectRoot = "";
			targets = (
				DDE540891F7B577A00B219A7 /* MyFriend */,
			);
		};
/* End PBXProject section */

/* Begin PBXResourcesBuildPhase section */
		DDE540881F7B577A00B219A7 /* Resources */ = {
			isa = PBXResourcesBuildPhase;
			buildActionMask = 2147483647;
			files = (
				DDE540981F7B577A00B219A7 /* LaunchScreen.storyboard in Resources */,
				DDF6D9561F8745CF0064ABB8 /* Localizable.strings in Resources */,
				DDE540951F7B577A00B219A7 /* Assets.xcassets in Resources */,
				DDE540931F7B577A00B219A7 /* Main.storyboard in Resources */,
				49E478641FBD09BD00F4A608 /* InfoPlist.strings in Resources */,
			);
			runOnlyForDeploymentPostprocessing = 0;
		};
/* End PBXResourcesBuildPhase section */

/* Begin PBXSourcesBuildPhase section */
		DDE540861F7B577A00B219A7 /* Sources */ = {
			isa = PBXSourcesBuildPhase;
			buildActionMask = 2147483647;
			files = (
				DDE540901F7B577A00B219A7 /* ViewController.swift in Sources */,
				DDE540A01F7B5EEB00B219A7 /* Row.swift in Sources */,
				DDE5408E1F7B577A00B219A7 /* AppDelegate.swift in Sources */,
			);
			runOnlyForDeploymentPostprocessing = 0;
		};
/* End PBXSourcesBuildPhase section */

/* Begin PBXVariantGroup section */
		49E478621FBD09BD00F4A608 /* InfoPlist.strings */ = {
			isa = PBXVariantGroup;
			children = (
				49E478631FBD09BD00F4A608 /* es */,
			);
			name = InfoPlist.strings;
			sourceTree = "<group>";
		};
		DDE540911F7B577A00B219A7 /* Main.storyboard */ = {
			isa = PBXVariantGroup;
			children = (
				DDE540921F7B577A00B219A7 /* Base */,
				DD9BDD8E1F87447D00985324 /* en */,
				49E4785F1FBD06AB00F4A608 /* es */,
			);
			name = Main.storyboard;
			sourceTree = "<group>";
		};
		DDE540961F7B577A00B219A7 /* LaunchScreen.storyboard */ = {
			isa = PBXVariantGroup;
			children = (
				DDE540971F7B577A00B219A7 /* Base */,
				49E478601FBD06AB00F4A608 /* es */,
			);
			name = LaunchScreen.storyboard;
			sourceTree = "<group>";
		};
		DDF6D9541F8745CE0064ABB8 /* Localizable.strings */ = {
			isa = PBXVariantGroup;
			children = (
				DDF6D9551F8745CE0064ABB8 /* en */,
				DDF6D9571F8745D60064ABB8 /* Base */,
				49E478611FBD06AB00F4A608 /* es */,
			);
			name = Localizable.strings;
			sourceTree = "<group>";
		};
/* End PBXVariantGroup section */

/* Begin XCBuildConfiguration section */
		DDE5409A1F7B577A00B219A7 /* Debug */ = {
			isa = XCBuildConfiguration;
			buildSettings = {
				ALWAYS_SEARCH_USER_PATHS = NO;
				CLANG_ANALYZER_LOCALIZABILITY_NONLOCALIZED = YES;
				CLANG_ANALYZER_NONNULL = YES;
				CLANG_ANALYZER_NUMBER_OBJECT_CONVERSION = YES_AGGRESSIVE;
				CLANG_CXX_LANGUAGE_STANDARD = "gnu++14";
				CLANG_CXX_LIBRARY = "libc++";
				CLANG_ENABLE_MODULES = YES;
				CLANG_ENABLE_OBJC_ARC = YES;
				CLANG_WARN_BLOCK_CAPTURE_AUTORELEASING = YES;
				CLANG_WARN_BOOL_CONVERSION = YES;
				CLANG_WARN_COMMA = YES;
				CLANG_WARN_CONSTANT_CONVERSION = YES;
				CLANG_WARN_DIRECT_OBJC_ISA_USAGE = YES_ERROR;
				CLANG_WARN_DOCUMENTATION_COMMENTS = YES;
				CLANG_WARN_EMPTY_BODY = YES;
				CLANG_WARN_ENUM_CONVERSION = YES;
				CLANG_WARN_INFINITE_RECURSION = YES;
				CLANG_WARN_INT_CONVERSION = YES;
				CLANG_WARN_NON_LITERAL_NULL_CONVERSION = YES;
				CLANG_WARN_OBJC_LITERAL_CONVERSION = YES;
				CLANG_WARN_OBJC_ROOT_CLASS = YES_ERROR;
				CLANG_WARN_RANGE_LOOP_ANALYSIS = YES;
				CLANG_WARN_STRICT_PROTOTYPES = YES;
				CLANG_WARN_SUSPICIOUS_MOVE = YES;
				CLANG_WARN_UNGUARDED_AVAILABILITY = YES_AGGRESSIVE;
				CLANG_WARN_UNREACHABLE_CODE = YES;
				CLANG_WARN__DUPLICATE_METHOD_MATCH = YES;
				CODE_SIGN_IDENTITY = "iPhone Developer";
				COPY_PHASE_STRIP = NO;
				DEBUG_INFORMATION_FORMAT = dwarf;
				ENABLE_STRICT_OBJC_MSGSEND = YES;
				ENABLE_TESTABILITY = YES;
				GCC_C_LANGUAGE_STANDARD = gnu11;
				GCC_DYNAMIC_NO_PIC = NO;
				GCC_NO_COMMON_BLOCKS = YES;
				GCC_OPTIMIZATION_LEVEL = 0;
				GCC_PREPROCESSOR_DEFINITIONS = (
					"DEBUG=1",
					"$(inherited)",
				);
				GCC_WARN_64_TO_32_BIT_CONVERSION = YES;
				GCC_WARN_ABOUT_RETURN_TYPE = YES_ERROR;
				GCC_WARN_UNDECLARED_SELECTOR = YES;
				GCC_WARN_UNINITIALIZED_AUTOS = YES_AGGRESSIVE;
				GCC_WARN_UNUSED_FUNCTION = YES;
				GCC_WARN_UNUSED_VARIABLE = YES;
				IPHONEOS_DEPLOYMENT_TARGET = 11.0;
				MTL_ENABLE_DEBUG_INFO = YES;
				ONLY_ACTIVE_ARCH = YES;
				SDKROOT = iphoneos;
				SWIFT_ACTIVE_COMPILATION_CONDITIONS = DEBUG;
				SWIFT_OPTIMIZATION_LEVEL = "-Onone";
			};
			name = Debug;
		};
		DDE5409B1F7B577A00B219A7 /* Release */ = {
			isa = XCBuildConfiguration;
			buildSettings = {
				ALWAYS_SEARCH_USER_PATHS = NO;
				CLANG_ANALYZER_LOCALIZABILITY_NONLOCALIZED = YES;
				CLANG_ANALYZER_NONNULL = YES;
				CLANG_ANALYZER_NUMBER_OBJECT_CONVERSION = YES_AGGRESSIVE;
				CLANG_CXX_LANGUAGE_STANDARD = "gnu++14";
				CLANG_CXX_LIBRARY = "libc++";
				CLANG_ENABLE_MODULES = YES;
				CLANG_ENABLE_OBJC_ARC = YES;
				CLANG_WARN_BLOCK_CAPTURE_AUTORELEASING = YES;
				CLANG_WARN_BOOL_CONVERSION = YES;
				CLANG_WARN_COMMA = YES;
				CLANG_WARN_CONSTANT_CONVERSION = YES;
				CLANG_WARN_DIRECT_OBJC_ISA_USAGE = YES_ERROR;
				CLANG_WARN_DOCUMENTATION_COMMENTS = YES;
				CLANG_WARN_EMPTY_BODY = YES;
				CLANG_WARN_ENUM_CONVERSION = YES;
				CLANG_WARN_INFINITE_RECURSION = YES;
				CLANG_WARN_INT_CONVERSION = YES;
				CLANG_WARN_NON_LITERAL_NULL_CONVERSION = YES;
				CLANG_WARN_OBJC_LITERAL_CONVERSION = YES;
				CLANG_WARN_OBJC_ROOT_CLASS = YES_ERROR;
				CLANG_WARN_RANGE_LOOP_ANALYSIS = YES;
				CLANG_WARN_STRICT_PROTOTYPES = YES;
				CLANG_WARN_SUSPICIOUS_MOVE = YES;
				CLANG_WARN_UNGUARDED_AVAILABILITY = YES_AGGRESSIVE;
				CLANG_WARN_UNREACHABLE_CODE = YES;
				CLANG_WARN__DUPLICATE_METHOD_MATCH = YES;
				CODE_SIGN_IDENTITY = "iPhone Developer";
				COPY_PHASE_STRIP = NO;
				DEBUG_INFORMATION_FORMAT = "dwarf-with-dsym";
				ENABLE_NS_ASSERTIONS = NO;
				ENABLE_STRICT_OBJC_MSGSEND = YES;
				GCC_C_LANGUAGE_STANDARD = gnu11;
				GCC_NO_COMMON_BLOCKS = YES;
				GCC_WARN_64_TO_32_BIT_CONVERSION = YES;
				GCC_WARN_ABOUT_RETURN_TYPE = YES_ERROR;
				GCC_WARN_UNDECLARED_SELECTOR = YES;
				GCC_WARN_UNINITIALIZED_AUTOS = YES_AGGRESSIVE;
				GCC_WARN_UNUSED_FUNCTION = YES;
				GCC_WARN_UNUSED_VARIABLE = YES;
				IPHONEOS_DEPLOYMENT_TARGET = 11.0;
				MTL_ENABLE_DEBUG_INFO = NO;
				SDKROOT = iphoneos;
				SWIFT_OPTIMIZATION_LEVEL = "-Owholemodule";
				VALIDATE_PRODUCT = YES;
			};
			name = Release;
		};
		DDE5409D1F7B577A00B219A7 /* Debug */ = {
			isa = XCBuildConfiguration;
			buildSettings = {
				ASSETCATALOG_COMPILER_APPICON_NAME = AppIcon;
				CODE_SIGN_STYLE = Automatic;
				DEVELOPMENT_TEAM = 4AQJ37X836;
				INFOPLIST_FILE = MyFriend/Info.plist;
				LD_RUNPATH_SEARCH_PATHS = "$(inherited) @executable_path/Frameworks";
				PRODUCT_BUNDLE_IDENTIFIER = com.razeware.MyFriend;
				PRODUCT_NAME = "$(TARGET_NAME)";
				SWIFT_VERSION = 4.0;
				TARGETED_DEVICE_FAMILY = "1,2";
			};
			name = Debug;
		};
		DDE5409E1F7B577A00B219A7 /* Release */ = {
			isa = XCBuildConfiguration;
			buildSettings = {
				ASSETCATALOG_COMPILER_APPICON_NAME = AppIcon;
				CODE_SIGN_STYLE = Automatic;
				DEVELOPMENT_TEAM = 4AQJ37X836;
				INFOPLIST_FILE = MyFriend/Info.plist;
				LD_RUNPATH_SEARCH_PATHS = "$(inherited) @executable_path/Frameworks";
				PRODUCT_BUNDLE_IDENTIFIER = com.razeware.MyFriend;
				PRODUCT_NAME = "$(TARGET_NAME)";
				SWIFT_VERSION = 4.0;
				TARGETED_DEVICE_FAMILY = "1,2";
			};
			name = Release;
		};
/* End XCBuildConfiguration section */

/* Begin XCConfigurationList section */
		DDE540851F7B577A00B219A7 /* Build configuration list for PBXProject "MyFriend" */ = {
			isa = XCConfigurationList;
			buildConfigurations = (
				DDE5409A1F7B577A00B219A7 /* Debug */,
				DDE5409B1F7B577A00B219A7 /* Release */,
			);
			defaultConfigurationIsVisible = 0;
			defaultConfigurationName = Release;
		};
		DDE5409C1F7B577A00B219A7 /* Build configuration list for PBXNativeTarget "MyFriend" */ = {
			isa = XCConfigurationList;
			buildConfigurations = (
				DDE5409D1F7B577A00B219A7 /* Debug */,
				DDE5409E1F7B577A00B219A7 /* Release */,
			);
			defaultConfigurationIsVisible = 0;
			defaultConfigurationName = Release;
		};
/* End XCConfigurationList section */
	};
	rootObject = DDE540821F7B577A00B219A7 /* Project object */;
}
